{
  "name": "web",
  "lockfileVersion": 3,
  "requires": true,
  "packages": {
    "": {
      "dependencies": {
        "bootstrap": "^5.3.7",
        "bootstrap-cookie-consent-settings": "^4.1.7",
        "bootstrap-icons": "^1.13.1",
        "bootstrap-lightbox-gallery": "^1.0.19",
        "cm-web-modules": "^2.4.4"
      }
    },
    "node_modules/@popperjs/core": {
      "version": "2.11.8",
      "resolved": "https://registry.npmjs.org/@popperjs/core/-/core-2.11.8.tgz",
      "integrity": "sha512-P1st0aksCrn9sGZhp8GMYwBnQsbvAWsZAX44oXNNvLHGqAOcoVxmjZiohstwQ7SqKnbR47akdNi+uleWD8+g6A==",
      "license": "MIT",
      "peer": true,
      "funding": {
        "type": "opencollective",
        "url": "https://opencollective.com/popperjs"
      }
    },
    "node_modules/bootstrap": {
      "version": "5.3.7",
      "resolved": "https://registry.npmjs.org/bootstrap/-/bootstrap-5.3.7.tgz",
      "integrity": "sha512-7KgiD8UHjfcPBHEpDNg+zGz8L3LqR3GVwqZiBRFX04a1BCArZOz1r2kjly2HQ0WokqTO0v1nF+QAt8dsW4lKlw==",
      "funding": [
        {
          "type": "github",
          "url": "https://github.com/sponsors/twbs"
        },
        {
          "type": "opencollective",
          "url": "https://opencollective.com/bootstrap"
        }
      ],
      "license": "MIT",
      "peerDependencies": {
        "@popperjs/core": "^2.11.8"
      }
    },
    "node_modules/bootstrap-cookie-consent-settings": {
      "version": "4.1.7",
      "resolved": "https://registry.npmjs.org/bootstrap-cookie-consent-settings/-/bootstrap-cookie-consent-settings-4.1.7.tgz",
      "integrity": "sha512-LH+6VzO1RNU1dI7hqgyJZewaHiR9YGvS9ypXoHBkrU1B71Gy8knEvRKvJEN/7kl3S3xJgE9fdpGYn5cOwadNRA==",
      "license": "MIT"
    },
    "node_modules/bootstrap-icons": {
      "version": "1.13.1",
      "resolved": "https://registry.npmjs.org/bootstrap-icons/-/bootstrap-icons-1.13.1.tgz",
      "integrity": "sha512-ijombt4v6bv5CLeXvRWKy7CuM3TRTuPEuGaGKvTV5cz65rQSY8RQ2JcHt6b90cBBAC7s8fsf2EkQDldzCoXUjw==",
      "funding": [
        {
          "type": "github",
          "url": "https://github.com/sponsors/twbs"
        },
        {
          "type": "opencollective",
          "url": "https://opencollective.com/bootstrap"
        }
      ],
      "license": "MIT"
    },
    "node_modules/bootstrap-lightbox-gallery": {
      "version": "1.0.19",
      "resolved": "https://registry.npmjs.org/bootstrap-lightbox-gallery/-/bootstrap-lightbox-gallery-1.0.19.tgz",
      "integrity": "sha512-ENVY3O/Hb9/kNnw0t0yb8lFV7THHgquzz1mRaRaMSqBDU3YiQmdFm60VqfRf+cGWGzLaA9J0NmEaXOjwtEf1+A==",
      "license": "MIT",
      "dependencies": {
        "bootstrap-show-modal": "^6.0.10",
        "cm-web-modules": "^2.4.4"
      }
    },
    "node_modules/bootstrap-show-modal": {
      "version": "6.0.10",
      "resolved": "https://registry.npmjs.org/bootstrap-show-modal/-/bootstrap-show-modal-6.0.10.tgz",
      "integrity": "sha512-pBJcNPE2s0KtcHe+BBlZ3vW4TxFcdw2BCvZhbCMaxEL+x53q43NdSSgZuesqRnY2uUQjRm9p7URacPwM8A+WqQ==",
      "license": "MIT"
    },
    "node_modules/cm-web-modules": {
      "version": "2.4.4",
      "resolved": "https://registry.npmjs.org/cm-web-modules/-/cm-web-modules-2.4.4.tgz",
      "integrity": "sha512-lbV1GgL4RdsiEiGA87L4GB8R2UNbj0itWx7sj6rWMA3rccF+lZyOGGjjeRPlVN6aJl4QMZUGChuOGSFR3yGcDQ==",
      "license": "MIT"
    }
  }
}
